<?xml version="1.0" encoding="utf-8"?>
<Project ToolsVersion="4.0" xmlns="http://schemas.microsoft.com/developer/msbuild/2003">
  <ItemGroup>
    <Filter Include="Source Files">
      <UniqueIdentifier>{4FC737F1-C7A5-4376-A066-2A32D752A2FF}</UniqueIdentifier>
      <Extensions>cpp;c;cc;cxx;def;odl;idl;hpj;bat;asm;asmx</Extensions>
    </Filter>
    <Filter Include="Header Files">
      <UniqueIdentifier>{93995380-89BD-4b04-88EB-625FBE52EBFB}</UniqueIdentifier>
      <Extensions>h;hh;hpp;hxx;hm;inl;inc;xsd</Extensions>
    </Filter>
    <Filter Include="Resource Files">
      <UniqueIdentifier>{67DA6AB6-F800-4c08-8B7A-83BB121AAD01}</UniqueIdentifier>
      <Extensions>rc;ico;cur;bmp;dlg;rc2;rct;bin;rgs;gif;jpg;jpeg;jpe;resx;tiff;tif;png;wav;mfcribbon-ms</Extensions>
    </Filter>
    <Filter Include="Source Files\Interface">
      <UniqueIdentifier>{792733cf-1f44-4fb0-a345-dc04837d508f}</UniqueIdentifier>
    </Filter>
    <Filter Include="Source Files\Graphics">
      <UniqueIdentifier>{5ea300b3-7008-49b8-8d4b-6dc9fef578f2}</UniqueIdentifier>
    </Filter>
    <Filter Include="Source Files\Utils">
      <UniqueIdentifier>{56ee68b1-182a-4c0a-98a6-27efc1507e70}</UniqueIdentifier>
    </Filter>
    <Filter Include="Source Files\Shape">
      <UniqueIdentifier>{edc17717-d9e5-40fa-b472-a824b0d5bf16}</UniqueIdentifier>
    </Filter>
    <Filter Include="Source Files\Core">
      <UniqueIdentifier>{0f373552-4987-4782-974f-e9735a5d46fd}</UniqueIdentifier>
    </Filter>
  </ItemGroup>
  <ItemGroup>
    <ClInclude Include="stdafx.h">
      <Filter>Header Files</Filter>
    </ClInclude>
    <ClInclude Include="targetver.h">
      <Filter>Header Files</Filter>
    </ClInclude>
    <ClInclude Include="resource.h">
      <Filter>Header Files</Filter>
    </ClInclude>
    <ClInclude Include="SVGDemo.h">
      <Filter>Header Files</Filter>
    </ClInclude>
    <ClInclude Include="rapidxml.hpp">
      <Filter>Header Files</Filter>
    </ClInclude>
    <ClInclude Include="IXMLNode.h">
      <Filter>Source Files\Interface</Filter>
    </ClInclude>
    <ClInclude Include="ISVGElement.h">
      <Filter>Source Files\Interface</Filter>
    </ClInclude>
    <ClInclude Include="SVGRenderer.h">
      <Filter>Source Files\Graphics</Filter>
    </ClInclude>
    <ClInclude Include="Point.h">
      <Filter>Source Files\Utils</Filter>
    </ClInclude>
    <ClInclude Include="SVGCircle.h">
      <Filter>Source Files\Shape</Filter>
    </ClInclude>
    <ClInclude Include="SVGRectangle.h">
      <Filter>Source Files\Shape</Filter>
    </ClInclude>
    <ClInclude Include="SVGLine.h">
      <Filter>Source Files\Shape</Filter>
    </ClInclude>
    <ClInclude Include="SVGEllipse.h">
      <Filter>Source Files\Shape</Filter>
    </ClInclude>
    <ClInclude Include="SVGPolyline.h">
      <Filter>Source Files\Shape</Filter>
    </ClInclude>
    <ClInclude Include="SVGPolygon.h">
      <Filter>Source Files\Shape</Filter>
    </ClInclude>
    <ClInclude Include="SVGText.h">
      <Filter>Source Files\Shape</Filter>
    </ClInclude>
    <ClInclude Include="SVGPath.h">
      <Filter>Source Files\Shape</Filter>
    </ClInclude>
    <ClInclude Include="SVGGroup.h">
      <Filter>Source Files\Shape</Filter>
    </ClInclude>
    <ClInclude Include="SVGElementFactory.h">
      <Filter>Source Files\Core</Filter>
    </ClInclude>
    <ClInclude Include="SVGDocument.h">
      <Filter>Source Files\Core</Filter>
    </ClInclude>
    <ClInclude Include="SVGParser.h">
      <Filter>Source Files\Core</Filter>
    </ClInclude>
    <ClInclude Include="CRapidXmlNodeAdapter.h">
      <Filter>Source Files\Core</Filter>
    </ClInclude>
  </ItemGroup>
  <ItemGroup>
    <ClCompile Include="stdafx.cpp">
      <Filter>Source Files</Filter>
    </ClCompile>
    <ClCompile Include="SVGDemo.cpp">
      <Filter>Source Files</Filter>
    </ClCompile>
    <ClCompile Include="Point.cpp">
      <Filter>Source Files\Utils</Filter>
    </ClCompile>
    <ClCompile Include="SVGRenderer.cpp">
      <Filter>Source Files\Graphics</Filter>
    </ClCompile>
    <ClCompile Include="SVGCircle.cpp">
      <Filter>Source Files\Shape</Filter>
    </ClCompile>
    <ClCompile Include="SVGRectangle.cpp">
      <Filter>Source Files\Shape</Filter>
    </ClCompile>
    <ClCompile Include="SVGLine.cpp">
      <Filter>Source Files\Shape</Filter>
    </ClCompile>
    <ClCompile Include="SVGEllipse.cpp">
      <Filter>Source Files\Shape</Filter>
    </ClCompile>
    <ClCompile Include="SVGPolyline.cpp">
      <Filter>Source Files\Shape</Filter>
    </ClCompile>
    <ClCompile Include="SVGPolygon.cpp">
      <Filter>Source Files\Shape</Filter>
    </ClCompile>
    <ClCompile Include="SVGText.cpp">
      <Filter>Source Files\Shape</Filter>
    </ClCompile>
    <ClCompile Include="SVGPath.cpp">
      <Filter>Source Files\Shape</Filter>
    </ClCompile>
    <ClCompile Include="SVGGroup.cpp">
      <Filter>Source Files\Shape</Filter>
    </ClCompile>
    <ClCompile Include="SVGElementFactory.cpp">
      <Filter>Source Files\Core</Filter>
    </ClCompile>
    <ClCompile Include="SVGDocument.cpp">
      <Filter>Source Files\Core</Filter>
    </ClCompile>
    <ClCompile Include="SVGParser.cpp">
      <Filter>Source Files\Core</Filter>
    </ClCompile>
    <ClCompile Include="CRapidXmlNodeAdapter.cpp">
      <Filter>Source Files\Core</Filter>
    </ClCompile>
  </ItemGroup>
  <ItemGroup>
    <ResourceCompile Include="SVGDemo.rc">
      <Filter>Resource Files</Filter>
    </ResourceCompile>
  </ItemGroup>
  <ItemGroup>
    <Image Include="small.ico">
      <Filter>Resource Files</Filter>
    </Image>
    <Image Include="SVGDemo.ico">
      <Filter>Resource Files</Filter>
    </Image>
  </ItemGroup>
</Project>