<?xml version="1.0" encoding="utf-8"?>
<Project ToolsVersion="4.0" xmlns="http://schemas.microsoft.com/developer/msbuild/2003">
  <ItemGroup>
    <Filter Include="Source Files">
      <UniqueIdentifier>{4FC737F1-C7A5-4376-A066-2A32D752A2FF}</UniqueIdentifier>
      <Extensions>cpp;c;cc;cxx;c++;cppm;ixx;def;odl;idl;hpj;bat;asm;asmx</Extensions>
    </Filter>
    <Filter Include="Header Files">
      <UniqueIdentifier>{93995380-89BD-4b04-88EB-625FBE52EBFB}</UniqueIdentifier>
      <Extensions>h;hh;hpp;hxx;h++;hm;inl;inc;ipp;xsd</Extensions>
    </Filter>
    <Filter Include="Resource Files">
      <UniqueIdentifier>{67DA6AB6-F800-4c08-8B7A-83BB121AAD01}</UniqueIdentifier>
      <Extensions>rc;ico;cur;bmp;dlg;rc2;rct;bin;rgs;gif;jpg;jpeg;jpe;resx;tiff;tif;png;wav;mfcribbon-ms</Extensions>
    </Filter>
    <Filter Include="Source Files\Renderer">
      <UniqueIdentifier>{c959d82b-4534-45f4-9d79-cef5b0c5a399}</UniqueIdentifier>
    </Filter>
  </ItemGroup>
  <ItemGroup>
    <ClInclude Include="framework.h">
      <Filter>Header Files</Filter>
    </ClInclude>
    <ClInclude Include="targetver.h">
      <Filter>Header Files</Filter>
    </ClInclude>
    <ClInclude Include="Resource.h">
      <Filter>Header Files</Filter>
    </ClInclude>
    <ClInclude Include="SVGReader.h">
      <Filter>Header Files</Filter>
    </ClInclude>
    <ClInclude Include="Renderer.h">
      <Filter>Source Files\Renderer</Filter>
    </ClInclude>
    <ClInclude Include="stdafx.h">
      <Filter>Header Files</Filter>
    </ClInclude>
    <ClInclude Include="rapidxml.hpp">
      <Filter>Header Files</Filter>
    </ClInclude>
    <ClInclude Include="IXMLNode.h">
      <Filter>Header Files</Filter>
    </ClInclude>
    <ClInclude Include="RapidXmlNodeAdapter.h">
      <Filter>Header Files</Filter>
    </ClInclude>
    <ClInclude Include="SvgElement.h">
      <Filter>Header Files</Filter>
    </ClInclude>
    <ClInclude Include="IRenderer.h">
      <Filter>Header Files</Filter>
    </ClInclude>
    <ClInclude Include="GdiPlusRenderer.h">
      <Filter>Header Files</Filter>
    </ClInclude>
    <ClInclude Include="SvgDocument.h">
      <Filter>Header Files</Filter>
    </ClInclude>
    <ClInclude Include="SvgElementFactory.h">
      <Filter>Header Files</Filter>
    </ClInclude>
    <ClInclude Include="SvgParser.h">
      <Filter>Header Files</Filter>
    </ClInclude>
    <ClInclude Include="DrawLine.h">
      <Filter>Header Files</Filter>
    </ClInclude>
    <ClInclude Include="DrawRect.h">
      <Filter>Header Files</Filter>
    </ClInclude>
    <ClInclude Include="DrawCircle.h">
      <Filter>Header Files</Filter>
    </ClInclude>
    <ClInclude Include="DrawEllipse.h">
      <Filter>Header Files</Filter>
    </ClInclude>
    <ClInclude Include="DrawPolyline.h">
      <Filter>Header Files</Filter>
    </ClInclude>
    <ClInclude Include="DrawPolygon.h">
      <Filter>Header Files</Filter>
    </ClInclude>
    <ClInclude Include="DrawText.h">
      <Filter>Header Files</Filter>
    </ClInclude>
    <ClInclude Include="DrawPath.h">
      <Filter>Header Files</Filter>
    </ClInclude>
    <ClInclude Include="DrawGroup.h">
      <Filter>Header Files</Filter>
    </ClInclude>
    <ClInclude Include="ApplyTransform.h">
      <Filter>Header Files</Filter>
    </ClInclude>
    <ClInclude Include="SvgColors.h">
      <Filter>Header Files</Filter>
    </ClInclude>
  </ItemGroup>
  <ItemGroup>
    <ClCompile Include="SVGReader.cpp">
      <Filter>Source Files</Filter>
    </ClCompile>
    <ClCompile Include="Renderer.cpp">
      <Filter>Source Files\Renderer</Filter>
    </ClCompile>
    <ClCompile Include="stdafx.cpp">
      <Filter>Source Files</Filter>
    </ClCompile>
    <ClCompile Include="RapidXmlNodeAdapter.cpp">
      <Filter>Source Files</Filter>
    </ClCompile>
    <ClCompile Include="SvgElement.cpp">
      <Filter>Source Files</Filter>
    </ClCompile>
    <ClCompile Include="GdiPlusRenderer.cpp">
      <Filter>Source Files</Filter>
    </ClCompile>
    <ClCompile Include="SvgDocument.cpp">
      <Filter>Source Files</Filter>
    </ClCompile>
    <ClCompile Include="SvgElementFactory.cpp">
      <Filter>Source Files</Filter>
    </ClCompile>
    <ClCompile Include="SvgParser.cpp">
      <Filter>Source Files</Filter>
    </ClCompile>
    <ClCompile Include="DrawLine.cpp">
      <Filter>Source Files</Filter>
    </ClCompile>
    <ClCompile Include="DrawRect.cpp">
      <Filter>Source Files</Filter>
    </ClCompile>
    <ClCompile Include="DrawCircle.cpp">
      <Filter>Source Files</Filter>
    </ClCompile>
    <ClCompile Include="DrawEllipse.cpp">
      <Filter>Source Files</Filter>
    </ClCompile>
    <ClCompile Include="DrawPolyline.cpp">
      <Filter>Source Files</Filter>
    </ClCompile>
    <ClCompile Include="DrawPolygon.cpp">
      <Filter>Source Files</Filter>
    </ClCompile>
    <ClCompile Include="DrawText.cpp">
      <Filter>Source Files</Filter>
    </ClCompile>
    <ClCompile Include="DrawPath.cpp">
      <Filter>Source Files</Filter>
    </ClCompile>
    <ClCompile Include="DrawGroup.cpp">
      <Filter>Source Files</Filter>
    </ClCompile>
    <ClCompile Include="ApplyTransform.cpp">
      <Filter>Source Files</Filter>
    </ClCompile>
    <ClCompile Include="SvgColors.cpp">
      <Filter>Source Files</Filter>
    </ClCompile>
  </ItemGroup>
  <ItemGroup>
    <ResourceCompile Include="SVGReader.rc">
      <Filter>Resource Files</Filter>
    </ResourceCompile>
  </ItemGroup>
  <ItemGroup>
    <Image Include="small.ico">
      <Filter>Resource Files</Filter>
    </Image>
    <Image Include="SVGReader.ico">
      <Filter>Resource Files</Filter>
    </Image>
    <Image Include="SVGReaderCustomSmall.ico">
      <Filter>Resource Files</Filter>
    </Image>
    <Image Include="zoom-in.ico">
      <Filter>Resource Files</Filter>
    </Image>
    <Image Include="zoom-out.ico">
      <Filter>Resource Files</Filter>
    </Image>
    <Image Include="rotate.ico">
      <Filter>Resource Files</Filter>
    </Image>
    <Image Include="arrow-down.ico">
      <Filter>Resource Files</Filter>
    </Image>
    <Image Include="arrow-left.ico">
      <Filter>Resource Files</Filter>
    </Image>
    <Image Include="arrow-right.ico">
      <Filter>Resource Files</Filter>
    </Image>
    <Image Include="arrow-up.ico">
      <Filter>Resource Files</Filter>
    </Image>
    <Image Include="reset.ico">
      <Filter>Resource Files</Filter>
    </Image>
  </ItemGroup>
</Project>